
Microsoft Visual Studio Solution File, Format Version 12.00
# Visual Studio Version 16
VisualStudioVersion = 16.0.30804.86
MinimumVisualStudioVersion = 10.0.40219.1
Project("{888888A0-9F3D-457C-B088-3A5042F75D52}") = "insurance", "insurance\insurance.pyproj", "{5AB879FB-5671-4C6A-9D40-F6368D1BB94C}"
EndProject
Global
	GlobalSection(SolutionConfigurationPlatforms) = preSolution
		Debug|Any CPU = Debug|Any CPU
		Release|Any CPU = Release|Any CPU
	EndGlobalSection
	GlobalSection(ProjectConfigurationPlatforms) = postSolution
		{5AB879FB-5671-4C6A-9D40-F6368D1BB94C}.Debug|Any CPU.ActiveCfg = Debug|Any CPU
		{5AB879FB-5671-4C6A-9D40-F6368D1BB94C}.Release|Any CPU.ActiveCfg = Release|Any CPU
	EndGlobalSection
	GlobalSection(SolutionProperties) = preSolution
		HideSolutionNode = FALSE
	EndGlobalSection
	GlobalSection(ExtensibilityGlobals) = postSolution
		SolutionGuid = {385BB45A-98F8-4754-AA98-86638CA53155}
	EndGlobalSection
EndGlobal
