
Microsoft Visual Studio Solution File, Format Version 12.00
# Visual Studio Version 16
VisualStudioVersion = 16.0.30804.86
MinimumVisualStudioVersion = 10.0.40219.1
Project("{888888A0-9F3D-457C-B088-3A5042F75D52}") = "predicthouseprice", "predicthouseprice\predicthouseprice.pyproj", "{DE6AB45D-F358-4DCC-9B53-C04F5BC766A5}"
EndProject
Global
	GlobalSection(SolutionConfigurationPlatforms) = preSolution
		Debug|Any CPU = Debug|Any CPU
		Release|Any CPU = Release|Any CPU
	EndGlobalSection
	GlobalSection(ProjectConfigurationPlatforms) = postSolution
		{DE6AB45D-F358-4DCC-9B53-C04F5BC766A5}.Debug|Any CPU.ActiveCfg = Debug|Any CPU
		{DE6AB45D-F358-4DCC-9B53-C04F5BC766A5}.Release|Any CPU.ActiveCfg = Release|Any CPU
	EndGlobalSection
	GlobalSection(SolutionProperties) = preSolution
		HideSolutionNode = FALSE
	EndGlobalSection
	GlobalSection(ExtensibilityGlobals) = postSolution
		SolutionGuid = {3E66B220-DB89-4B6B-B77A-30F423AA5937}
	EndGlobalSection
EndGlobal
